// !$*UTF8*$!
{
	archiveVersion = 1;
	classes = {
	};
	objectVersion = 56;
	objects = {

/* Begin PBXBuildFile section */
		20955B952BB1D718000DC4B2 /* Cup_Cake_CornerApp.swift in Sources */ = {isa = PBXBuildFile; fileRef = 20955B942BB1D718000DC4B2 /* Cup_Cake_CornerApp.swift */; };
		20955B972BB1D718000DC4B2 /* ContentView.swift in Sources */ = {isa = PBXBuildFile; fileRef = 20955B962BB1D718000DC4B2 /* ContentView.swift */; };
		20955B992BB1D71A000DC4B2 /* Assets.xcassets in Resources */ = {isa = PBXBuildFile; fileRef = 20955B982BB1D71A000DC4B2 /* Assets.xcassets */; };
		20955B9C2BB1D71A000DC4B2 /* Preview Assets.xcassets in Resources */ = {isa = PBXBuildFile; fileRef = 20955B9B2BB1D71A000DC4B2 /* Preview Assets.xcassets */; };
		20955BA62BB1D71A000DC4B2 /* Cup_Cake_CornerTests.swift in Sources */ = {isa = PBXBuildFile; fileRef = 20955BA52BB1D71A000DC4B2 /* Cup_Cake_CornerTests.swift */; };
		20955BB02BB1D71A000DC4B2 /* Cup_Cake_CornerUITests.swift in Sources */ = {isa = PBXBuildFile; fileRef = 20955BAF2BB1D71A000DC4B2 /* Cup_Cake_CornerUITests.swift */; };
		20955BB22BB1D71A000DC4B2 /* Cup_Cake_CornerUITestsLaunchTests.swift in Sources */ = {isa = PBXBuildFile; fileRef = 20955BB12BB1D71A000DC4B2 /* Cup_Cake_CornerUITestsLaunchTests.swift */; };
		20955BBF2BB4863A000DC4B2 /* Order.swift in Sources */ = {isa = PBXBuildFile; fileRef = 20955BBE2BB4863A000DC4B2 /* Order.swift */; };
		20955BC12BB48CC5000DC4B2 /* AdderssView.swift in Sources */ = {isa = PBXBuildFile; fileRef = 20955BC02BB48CC5000DC4B2 /* AdderssView.swift */; };
		20955BC32BB48F8D000DC4B2 /* CheckoutView.swift in Sources */ = {isa = PBXBuildFile; fileRef = 20955BC22BB48F8D000DC4B2 /* CheckoutView.swift */; };
/* End PBXBuildFile section */

/* Begin PBXContainerItemProxy section */
		20955BA22BB1D71A000DC4B2 /* PBXContainerItemProxy */ = {
			isa = PBXContainerItemProxy;
			containerPortal = 20955B892BB1D718000DC4B2 /* Project object */;
			proxyType = 1;
			remoteGlobalIDString = 20955B902BB1D718000DC4B2;
			remoteInfo = "Cup Cake Corner";
		};
		20955BAC2BB1D71A000DC4B2 /* PBXContainerItemProxy */ = {
			isa = PBXContainerItemProxy;
			containerPortal = 20955B892BB1D718000DC4B2 /* Project object */;
			proxyType = 1;
			remoteGlobalIDString = 20955B902BB1D718000DC4B2;
			remoteInfo = "Cup Cake Corner";
		};
/* End PBXContainerItemProxy section */

/* Begin PBXFileReference section */
		20955B912BB1D718000DC4B2 /* Cup Cake Corner.app */ = {isa = PBXFileReference; explicitFileType = wrapper.application; includeInIndex = 0; path = "Cup Cake Corner.app"; sourceTree = BUILT_PRODUCTS_DIR; };
		20955B942BB1D718000DC4B2 /* Cup_Cake_CornerApp.swift */ = {isa = PBXFileReference; lastKnownFileType = sourcecode.swift; path = Cup_Cake_CornerApp.swift; sourceTree = "<group>"; };
		20955B962BB1D718000DC4B2 /* ContentView.swift */ = {isa = PBXFileReference; lastKnownFileType = sourcecode.swift; path = ContentView.swift; sourceTree = "<group>"; };
		20955B982BB1D71A000DC4B2 /* Assets.xcassets */ = {isa = PBXFileReference; lastKnownFileType = folder.assetcatalog; path = Assets.xcassets; sourceTree = "<group>"; };
		20955B9B2BB1D71A000DC4B2 /* Preview Assets.xcassets */ = {isa = PBXFileReference; lastKnownFileType = folder.assetcatalog; path = "Preview Assets.xcassets"; sourceTree = "<group>"; };
		20955BA12BB1D71A000DC4B2 /* Cup Cake CornerTests.xctest */ = {isa = PBXFileReference; explicitFileType = wrapper.cfbundle; includeInIndex = 0; path = "Cup Cake CornerTests.xctest"; sourceTree = BUILT_PRODUCTS_DIR; };
		20955BA52BB1D71A000DC4B2 /* Cup_Cake_CornerTests.swift */ = {isa = PBXFileReference; lastKnownFileType = sourcecode.swift; path = Cup_Cake_CornerTests.swift; sourceTree = "<group>"; };
		20955BAB2BB1D71A000DC4B2 /* Cup Cake CornerUITests.xctest */ = {isa = PBXFileReference; explicitFileType = wrapper.cfbundle; includeInIndex = 0; path = "Cup Cake CornerUITests.xctest"; sourceTree = BUILT_PRODUCTS_DIR; };
		20955BAF2BB1D71A000DC4B2 /* Cup_Cake_CornerUITests.swift */ = {isa = PBXFileReference; lastKnownFileType = sourcecode.swift; path = Cup_Cake_CornerUITests.swift; sourceTree = "<group>"; };
		20955BB12BB1D71A000DC4B2 /* Cup_Cake_CornerUITestsLaunchTests.swift */ = {isa = PBXFileReference; lastKnownFileType = sourcecode.swift; path = Cup_Cake_CornerUITestsLaunchTests.swift; sourceTree = "<group>"; };
		20955BBE2BB4863A000DC4B2 /* Order.swift */ = {isa = PBXFileReference; lastKnownFileType = sourcecode.swift; path = Order.swift; sourceTree = "<group>"; };
		20955BC02BB48CC5000DC4B2 /* AdderssView.swift */ = {isa = PBXFileReference; lastKnownFileType = sourcecode.swift; path = AdderssView.swift; sourceTree = "<group>"; };
		20955BC22BB48F8D000DC4B2 /* CheckoutView.swift */ = {isa = PBXFileReference; lastKnownFileType = sourcecode.swift; path = CheckoutView.swift; sourceTree = "<group>"; };
/* End PBXFileReference section */

/* Begin PBXFrameworksBuildPhase section */
		20955B8E2BB1D718000DC4B2 /* Frameworks */ = {
			isa = PBXFrameworksBuildPhase;
			buildActionMask = 2147483647;
			files = (
			);
			runOnlyForDeploymentPostprocessing = 0;
		};
		20955B9E2BB1D71A000DC4B2 /* Frameworks */ = {
			isa = PBXFrameworksBuildPhase;
			buildActionMask = 2147483647;
			files = (
			);
			runOnlyForDeploymentPostprocessing = 0;
		};
		20955BA82BB1D71A000DC4B2 /* Frameworks */ = {
			isa = PBXFrameworksBuildPhase;
			buildActionMask = 2147483647;
			files = (
			);
			runOnlyForDeploymentPostprocessing = 0;
		};
/* End PBXFrameworksBuildPhase section */

/* Begin PBXGroup section */
		20955B882BB1D718000DC4B2 = {
			isa = PBXGroup;
			children = (
				20955B932BB1D718000DC4B2 /* Cup Cake Corner */,
				20955BA42BB1D71A000DC4B2 /* Cup Cake CornerTests */,
				20955BAE2BB1D71A000DC4B2 /* Cup Cake CornerUITests */,
				20955B922BB1D718000DC4B2 /* Products */,
			);
			sourceTree = "<group>";
		};
		20955B922BB1D718000DC4B2 /* Products */ = {
			isa = PBXGroup;
			children = (
				20955B912BB1D718000DC4B2 /* Cup Cake Corner.app */,
				20955BA12BB1D71A000DC4B2 /* Cup Cake CornerTests.xctest */,
				20955BAB2BB1D71A000DC4B2 /* Cup Cake CornerUITests.xctest */,
			);
			name = Products;
			sourceTree = "<group>";
		};
		20955B932BB1D718000DC4B2 /* Cup Cake Corner */ = {
			isa = PBXGroup;
			children = (
				20955B942BB1D718000DC4B2 /* Cup_Cake_CornerApp.swift */,
				20955B962BB1D718000DC4B2 /* ContentView.swift */,
				20955B982BB1D71A000DC4B2 /* Assets.xcassets */,
				20955B9A2BB1D71A000DC4B2 /* Preview Content */,
				20955BBE2BB4863A000DC4B2 /* Order.swift */,
				20955BC02BB48CC5000DC4B2 /* AdderssView.swift */,
				20955BC22BB48F8D000DC4B2 /* CheckoutView.swift */,
			);
			path = "Cup Cake Corner";
			sourceTree = "<group>";
		};
		20955B9A2BB1D71A000DC4B2 /* Preview Content */ = {
			isa = PBXGroup;
			children = (
				20955B9B2BB1D71A000DC4B2 /* Preview Assets.xcassets */,
			);
			path = "Preview Content";
			sourceTree = "<group>";
		};
		20955BA42BB1D71A000DC4B2 /* Cup Cake CornerTests */ = {
			isa = PBXGroup;
			children = (
				20955BA52BB1D71A000DC4B2 /* Cup_Cake_CornerTests.swift */,
			);
			path = "Cup Cake CornerTests";
			sourceTree = "<group>";
		};
		20955BAE2BB1D71A000DC4B2 /* Cup Cake CornerUITests */ = {
			isa = PBXGroup;
			children = (
				20955BAF2BB1D71A000DC4B2 /* Cup_Cake_CornerUITests.swift */,
				20955BB12BB1D71A000DC4B2 /* Cup_Cake_CornerUITestsLaunchTests.swift */,
			);
			path = "Cup Cake CornerUITests";
			sourceTree = "<group>";
		};
/* End PBXGroup section */

/* Begin PBXNativeTarget section */
		20955B902BB1D718000DC4B2 /* Cup Cake Corner */ = {
			isa = PBXNativeTarget;
			buildConfigurationList = 20955BB52BB1D71A000DC4B2 /* Build configuration list for PBXNativeTarget "Cup Cake Corner" */;
			buildPhases = (
				20955B8D2BB1D718000DC4B2 /* Sources */,
				20955B8E2BB1D718000DC4B2 /* Frameworks */,
				20955B8F2BB1D718000DC4B2 /* Resources */,
			);
			buildRules = (
			);
			dependencies = (
			);
			name = "Cup Cake Corner";
			productName = "Cup Cake Corner";
			productReference = 20955B912BB1D718000DC4B2 /* Cup Cake Corner.app */;
			productType = "com.apple.product-type.application";
		};
		20955BA02BB1D71A000DC4B2 /* Cup Cake CornerTests */ = {
			isa = PBXNativeTarget;
			buildConfigurationList = 20955BB82BB1D71A000DC4B2 /* Build configuration list for PBXNativeTarget "Cup Cake CornerTests" */;
			buildPhases = (
				20955B9D2BB1D71A000DC4B2 /* Sources */,
				20955B9E2BB1D71A000DC4B2 /* Frameworks */,
				20955B9F2BB1D71A000DC4B2 /* Resources */,
			);
			buildRules = (
			);
			dependencies = (
				20955BA32BB1D71A000DC4B2 /* PBXTargetDependency */,
			);
			name = "Cup Cake CornerTests";
			productName = "Cup Cake CornerTests";
			productReference = 20955BA12BB1D71A000DC4B2 /* Cup Cake CornerTests.xctest */;
			productType = "com.apple.product-type.bundle.unit-test";
		};
		20955BAA2BB1D71A000DC4B2 /* Cup Cake CornerUITests */ = {
			isa = PBXNativeTarget;
			buildConfigurationList = 20955BBB2BB1D71A000DC4B2 /* Build configuration list for PBXNativeTarget "Cup Cake CornerUITests" */;
			buildPhases = (
				20955BA72BB1D71A000DC4B2 /* Sources */,
				20955BA82BB1D71A000DC4B2 /* Frameworks */,
				20955BA92BB1D71A000DC4B2 /* Resources */,
			);
			buildRules = (
			);
			dependencies = (
				20955BAD2BB1D71A000DC4B2 /* PBXTargetDependency */,
			);
			name = "Cup Cake CornerUITests";
			productName = "Cup Cake CornerUITests";
			productReference = 20955BAB2BB1D71A000DC4B2 /* Cup Cake CornerUITests.xctest */;
			productType = "com.apple.product-type.bundle.ui-testing";
		};
/* End PBXNativeTarget section */

/* Begin PBXProject section */
		20955B892BB1D718000DC4B2 /* Project object */ = {
			isa = PBXProject;
			attributes = {
				BuildIndependentTargetsInParallel = 1;
				LastSwiftUpdateCheck = 1500;
				LastUpgradeCheck = 1500;
				TargetAttributes = {
					20955B902BB1D718000DC4B2 = {
						CreatedOnToolsVersion = 15.0.1;
					};
					20955BA02BB1D71A000DC4B2 = {
						CreatedOnToolsVersion = 15.0.1;
						TestTargetID = 20955B902BB1D718000DC4B2;
					};
					20955BAA2BB1D71A000DC4B2 = {
						CreatedOnToolsVersion = 15.0.1;
						TestTargetID = 20955B902BB1D718000DC4B2;
					};
				};
			};
			buildConfigurationList = 20955B8C2BB1D718000DC4B2 /* Build configuration list for PBXProject "Cup Cake Corner" */;
			compatibilityVersion = "Xcode 14.0";
			developmentRegion = en;
			hasScannedForEncodings = 0;
			knownRegions = (
				en,
				Base,
			);
			mainGroup = 20955B882BB1D718000DC4B2;
			productRefGroup = 20955B922BB1D718000DC4B2 /* Products */;
			projectDirPath = "";
			projectRoot = "";
			targets = (
				20955B902BB1D718000DC4B2 /* Cup Cake Corner */,
				20955BA02BB1D71A000DC4B2 /* Cup Cake CornerTests */,
				20955BAA2BB1D71A000DC4B2 /* Cup Cake CornerUITests */,
			);
		};
/* End PBXProject section */

/* Begin PBXResourcesBuildPhase section */
		20955B8F2BB1D718000DC4B2 /* Resources */ = {
			isa = PBXResourcesBuildPhase;
			buildActionMask = 2147483647;
			files = (
				20955B9C2BB1D71A000DC4B2 /* Preview Assets.xcassets in Resources */,
				20955B992BB1D71A000DC4B2 /* Assets.xcassets in Resources */,
			);
			runOnlyForDeploymentPostprocessing = 0;
		};
		20955B9F2BB1D71A000DC4B2 /* Resources */ = {
			isa = PBXResourcesBuildPhase;
			buildActionMask = 2147483647;
			files = (
			);
			runOnlyForDeploymentPostprocessing = 0;
		};
		20955BA92BB1D71A000DC4B2 /* Resources */ = {
			isa = PBXResourcesBuildPhase;
			buildActionMask = 2147483647;
			files = (
			);
			runOnlyForDeploymentPostprocessing = 0;
		};
/* End PBXResourcesBuildPhase section */

/* Begin PBXSourcesBuildPhase section */
		20955B8D2BB1D718000DC4B2 /* Sources */ = {
			isa = PBXSourcesBuildPhase;
			buildActionMask = 2147483647;
			files = (
				20955BBF2BB4863A000DC4B2 /* Order.swift in Sources */,
				20955BC12BB48CC5000DC4B2 /* AdderssView.swift in Sources */,
				20955BC32BB48F8D000DC4B2 /* CheckoutView.swift in Sources */,
				20955B972BB1D718000DC4B2 /* ContentView.swift in Sources */,
				20955B952BB1D718000DC4B2 /* Cup_Cake_CornerApp.swift in Sources */,
			);
			runOnlyForDeploymentPostprocessing = 0;
		};
		20955B9D2BB1D71A000DC4B2 /* Sources */ = {
			isa = PBXSourcesBuildPhase;
			buildActionMask = 2147483647;
			files = (
				20955BA62BB1D71A000DC4B2 /* Cup_Cake_CornerTests.swift in Sources */,
			);
			runOnlyForDeploymentPostprocessing = 0;
		};
		20955BA72BB1D71A000DC4B2 /* Sources */ = {
			isa = PBXSourcesBuildPhase;
			buildActionMask = 2147483647;
			files = (
				20955BB22BB1D71A000DC4B2 /* Cup_Cake_CornerUITestsLaunchTests.swift in Sources */,
				20955BB02BB1D71A000DC4B2 /* Cup_Cake_CornerUITests.swift in Sources */,
			);
			runOnlyForDeploymentPostprocessing = 0;
		};
/* End PBXSourcesBuildPhase section */

/* Begin PBXTargetDependency section */
		20955BA32BB1D71A000DC4B2 /* PBXTargetDependency */ = {
			isa = PBXTargetDependency;
			target = 20955B902BB1D718000DC4B2 /* Cup Cake Corner */;
			targetProxy = 20955BA22BB1D71A000DC4B2 /* PBXContainerItemProxy */;
		};
		20955BAD2BB1D71A000DC4B2 /* PBXTargetDependency */ = {
			isa = PBXTargetDependency;
			target = 20955B902BB1D718000DC4B2 /* Cup Cake Corner */;
			targetProxy = 20955BAC2BB1D71A000DC4B2 /* PBXContainerItemProxy */;
		};
/* End PBXTargetDependency section */

/* Begin XCBuildConfiguration section */
		20955BB32BB1D71A000DC4B2 /* Debug */ = {
			isa = XCBuildConfiguration;
			buildSettings = {
				ALWAYS_SEARCH_USER_PATHS = NO;
				ASSETCATALOG_COMPILER_GENERATE_SWIFT_ASSET_SYMBOL_EXTENSIONS = YES;
				CLANG_ANALYZER_NONNULL = YES;
				CLANG_ANALYZER_NUMBER_OBJECT_CONVERSION = YES_AGGRESSIVE;
				CLANG_CXX_LANGUAGE_STANDARD = "gnu++20";
				CLANG_ENABLE_MODULES = YES;
				CLANG_ENABLE_OBJC_ARC = YES;
				CLANG_ENABLE_OBJC_WEAK = YES;
				CLANG_WARN_BLOCK_CAPTURE_AUTORELEASING = YES;
				CLANG_WARN_BOOL_CONVERSION = YES;
				CLANG_WARN_COMMA = YES;
				CLANG_WARN_CONSTANT_CONVERSION = YES;
				CLANG_WARN_DEPRECATED_OBJC_IMPLEMENTATIONS = YES;
				CLANG_WARN_DIRECT_OBJC_ISA_USAGE = YES_ERROR;
				CLANG_WARN_DOCUMENTATION_COMMENTS = YES;
				CLANG_WARN_EMPTY_BODY = YES;
				CLANG_WARN_ENUM_CONVERSION = YES;
				CLANG_WARN_INFINITE_RECURSION = YES;
				CLANG_WARN_INT_CONVERSION = YES;
				CLANG_WARN_NON_LITERAL_NULL_CONVERSION = YES;
				CLANG_WARN_OBJC_IMPLICIT_RETAIN_SELF = YES;
				CLANG_WARN_OBJC_LITERAL_CONVERSION = YES;
				CLANG_WARN_OBJC_ROOT_CLASS = YES_ERROR;
				CLANG_WARN_QUOTED_INCLUDE_IN_FRAMEWORK_HEADER = YES;
				CLANG_WARN_RANGE_LOOP_ANALYSIS = YES;
				CLANG_WARN_STRICT_PROTOTYPES = YES;
				CLANG_WARN_SUSPICIOUS_MOVE = YES;
				CLANG_WARN_UNGUARDED_AVAILABILITY = YES_AGGRESSIVE;
				CLANG_WARN_UNREACHABLE_CODE = YES;
				CLANG_WARN__DUPLICATE_METHOD_MATCH = YES;
				COPY_PHASE_STRIP = NO;
				DEBUG_INFORMATION_FORMAT = dwarf;
				ENABLE_STRICT_OBJC_MSGSEND = YES;
				ENABLE_TESTABILITY = YES;
				ENABLE_USER_SCRIPT_SANDBOXING = YES;
				GCC_C_LANGUAGE_STANDARD = gnu17;
				GCC_DYNAMIC_NO_PIC = NO;
				GCC_NO_COMMON_BLOCKS = YES;
				GCC_OPTIMIZATION_LEVEL = 0;
				GCC_PREPROCESSOR_DEFINITIONS = (
					"DEBUG=1",
					"$(inherited)",
				);
				GCC_WARN_64_TO_32_BIT_CONVERSION = YES;
				GCC_WARN_ABOUT_RETURN_TYPE = YES_ERROR;
				GCC_WARN_UNDECLARED_SELECTOR = YES;
				GCC_WARN_UNINITIALIZED_AUTOS = YES_AGGRESSIVE;
				GCC_WARN_UNUSED_FUNCTION = YES;
				GCC_WARN_UNUSED_VARIABLE = YES;
				IPHONEOS_DEPLOYMENT_TARGET = 17.0;
				LOCALIZATION_PREFERS_STRING_CATALOGS = YES;
				MTL_ENABLE_DEBUG_INFO = INCLUDE_SOURCE;
				MTL_FAST_MATH = YES;
				ONLY_ACTIVE_ARCH = YES;
				SDKROOT = iphoneos;
				SWIFT_ACTIVE_COMPILATION_CONDITIONS = "DEBUG $(inherited)";
				SWIFT_OPTIMIZATION_LEVEL = "-Onone";
			};
			name = Debug;
		};
		20955BB42BB1D71A000DC4B2 /* Release */ = {
			isa = XCBuildConfiguration;
			buildSettings = {
				ALWAYS_SEARCH_USER_PATHS = NO;
				ASSETCATALOG_COMPILER_GENERATE_SWIFT_ASSET_SYMBOL_EXTENSIONS = YES;
				CLANG_ANALYZER_NONNULL = YES;
				CLANG_ANALYZER_NUMBER_OBJECT_CONVERSION = YES_AGGRESSIVE;
				CLANG_CXX_LANGUAGE_STANDARD = "gnu++20";
				CLANG_ENABLE_MODULES = YES;
				CLANG_ENABLE_OBJC_ARC = YES;
				CLANG_ENABLE_OBJC_WEAK = YES;
				CLANG_WARN_BLOCK_CAPTURE_AUTORELEASING = YES;
				CLANG_WARN_BOOL_CONVERSION = YES;
				CLANG_WARN_COMMA = YES;
				CLANG_WARN_CONSTANT_CONVERSION = YES;
				CLANG_WARN_DEPRECATED_OBJC_IMPLEMENTATIONS = YES;
				CLANG_WARN_DIRECT_OBJC_ISA_USAGE = YES_ERROR;
				CLANG_WARN_DOCUMENTATION_COMMENTS = YES;
				CLANG_WARN_EMPTY_BODY = YES;
				CLANG_WARN_ENUM_CONVERSION = YES;
				CLANG_WARN_INFINITE_RECURSION = YES;
				CLANG_WARN_INT_CONVERSION = YES;
				CLANG_WARN_NON_LITERAL_NULL_CONVERSION = YES;
				CLANG_WARN_OBJC_IMPLICIT_RETAIN_SELF = YES;
				CLANG_WARN_OBJC_LITERAL_CONVERSION = YES;
				CLANG_WARN_OBJC_ROOT_CLASS = YES_ERROR;
				CLANG_WARN_QUOTED_INCLUDE_IN_FRAMEWORK_HEADER = YES;
				CLANG_WARN_RANGE_LOOP_ANALYSIS = YES;
				CLANG_WARN_STRICT_PROTOTYPES = YES;
				CLANG_WARN_SUSPICIOUS_MOVE = YES;
				CLANG_WARN_UNGUARDED_AVAILABILITY = YES_AGGRESSIVE;
				CLANG_WARN_UNREACHABLE_CODE = YES;
				CLANG_WARN__DUPLICATE_METHOD_MATCH = YES;
				COPY_PHASE_STRIP = NO;
				DEBUG_INFORMATION_FORMAT = "dwarf-with-dsym";
				ENABLE_NS_ASSERTIONS = NO;
				ENABLE_STRICT_OBJC_MSGSEND = YES;
				ENABLE_USER_SCRIPT_SANDBOXING = YES;
				GCC_C_LANGUAGE_STANDARD = gnu17;
				GCC_NO_COMMON_BLOCKS = YES;
				GCC_WARN_64_TO_32_BIT_CONVERSION = YES;
				GCC_WARN_ABOUT_RETURN_TYPE = YES_ERROR;
				GCC_WARN_UNDECLARED_SELECTOR = YES;
				GCC_WARN_UNINITIALIZED_AUTOS = YES_AGGRESSIVE;
				GCC_WARN_UNUSED_FUNCTION = YES;
				GCC_WARN_UNUSED_VARIABLE = YES;
				IPHONEOS_DEPLOYMENT_TARGET = 17.0;
				LOCALIZATION_PREFERS_STRING_CATALOGS = YES;
				MTL_ENABLE_DEBUG_INFO = NO;
				MTL_FAST_MATH = YES;
				SDKROOT = iphoneos;
				SWIFT_COMPILATION_MODE = wholemodule;
				VALIDATE_PRODUCT = YES;
			};
			name = Release;
		};
		20955BB62BB1D71A000DC4B2 /* Debug */ = {
			isa = XCBuildConfiguration;
			buildSettings = {
				ASSETCATALOG_COMPILER_APPICON_NAME = AppIcon;
				ASSETCATALOG_COMPILER_GLOBAL_ACCENT_COLOR_NAME = AccentColor;
				CODE_SIGN_STYLE = Automatic;
				CURRENT_PROJECT_VERSION = 1;
				DEVELOPMENT_ASSET_PATHS = "\"Cup Cake Corner/Preview Content\"";
				DEVELOPMENT_TEAM = 4SV5CWGRV6;
				ENABLE_PREVIEWS = YES;
				GENERATE_INFOPLIST_FILE = YES;
				INFOPLIST_KEY_UIApplicationSceneManifest_Generation = YES;
				INFOPLIST_KEY_UIApplicationSupportsIndirectInputEvents = YES;
				INFOPLIST_KEY_UILaunchScreen_Generation = YES;
				INFOPLIST_KEY_UISupportedInterfaceOrientations_iPad = "UIInterfaceOrientationPortrait UIInterfaceOrientationPortraitUpsideDown UIInterfaceOrientationLandscapeLeft UIInterfaceOrientationLandscapeRight";
				INFOPLIST_KEY_UISupportedInterfaceOrientations_iPhone = "UIInterfaceOrientationPortrait UIInterfaceOrientationLandscapeLeft UIInterfaceOrientationLandscapeRight";
				LD_RUNPATH_SEARCH_PATHS = (
					"$(inherited)",
					"@executable_path/Frameworks",
				);
				MARKETING_VERSION = 1.0;
				PRODUCT_BUNDLE_IDENTIFIER = "com.MayankAtri.Cup-Cake-Corner";
				PRODUCT_NAME = "$(TARGET_NAME)";
				SWIFT_EMIT_LOC_STRINGS = YES;
				SWIFT_VERSION = 5.0;
				TARGETED_DEVICE_FAMILY = "1,2";
			};
			name = Debug;
		};
		20955BB72BB1D71A000DC4B2 /* Release */ = {
			isa = XCBuildConfiguration;
			buildSettings = {
				ASSETCATALOG_COMPILER_APPICON_NAME = AppIcon;
				ASSETCATALOG_COMPILER_GLOBAL_ACCENT_COLOR_NAME = AccentColor;
				CODE_SIGN_STYLE = Automatic;
				CURRENT_PROJECT_VERSION = 1;
				DEVELOPMENT_ASSET_PATHS = "\"Cup Cake Corner/Preview Content\"";
				DEVELOPMENT_TEAM = 4SV5CWGRV6;
				ENABLE_PREVIEWS = YES;
				GENERATE_INFOPLIST_FILE = YES;
				INFOPLIST_KEY_UIApplicationSceneManifest_Generation = YES;
				INFOPLIST_KEY_UIApplicationSupportsIndirectInputEvents = YES;
				INFOPLIST_KEY_UILaunchScreen_Generation = YES;
				INFOPLIST_KEY_UISupportedInterfaceOrientations_iPad = "UIInterfaceOrientationPortrait UIInterfaceOrientationPortraitUpsideDown UIInterfaceOrientationLandscapeLeft UIInterfaceOrientationLandscapeRight";
				INFOPLIST_KEY_UISupportedInterfaceOrientations_iPhone = "UIInterfaceOrientationPortrait UIInterfaceOrientationLandscapeLeft UIInterfaceOrientationLandscapeRight";
				LD_RUNPATH_SEARCH_PATHS = (
					"$(inherited)",
					"@executable_path/Frameworks",
				);
				MARKETING_VERSION = 1.0;
				PRODUCT_BUNDLE_IDENTIFIER = "com.MayankAtri.Cup-Cake-Corner";
				PRODUCT_NAME = "$(TARGET_NAME)";
				SWIFT_EMIT_LOC_STRINGS = YES;
				SWIFT_VERSION = 5.0;
				TARGETED_DEVICE_FAMILY = "1,2";
			};
			name = Release;
		};
		20955BB92BB1D71A000DC4B2 /* Debug */ = {
			isa = XCBuildConfiguration;
			buildSettings = {
				ALWAYS_EMBED_SWIFT_STANDARD_LIBRARIES = YES;
				BUNDLE_LOADER = "$(TEST_HOST)";
				CODE_SIGN_STYLE = Automatic;
				CURRENT_PROJECT_VERSION = 1;
				DEVELOPMENT_TEAM = 4SV5CWGRV6;
				GENERATE_INFOPLIST_FILE = YES;
				IPHONEOS_DEPLOYMENT_TARGET = 17.0;
				MARKETING_VERSION = 1.0;
				PRODUCT_BUNDLE_IDENTIFIER = "com.MayankAtri.Cup-Cake-CornerTests";
				PRODUCT_NAME = "$(TARGET_NAME)";
				SWIFT_EMIT_LOC_STRINGS = NO;
				SWIFT_VERSION = 5.0;
				TARGETED_DEVICE_FAMILY = "1,2";
				TEST_HOST = "$(BUILT_PRODUCTS_DIR)/Cup Cake Corner.app/$(BUNDLE_EXECUTABLE_FOLDER_PATH)/Cup Cake Corner";
			};
			name = Debug;
		};
		20955BBA2BB1D71A000DC4B2 /* Release */ = {
			isa = XCBuildConfiguration;
			buildSettings = {
				ALWAYS_EMBED_SWIFT_STANDARD_LIBRARIES = YES;
				BUNDLE_LOADER = "$(TEST_HOST)";
				CODE_SIGN_STYLE = Automatic;
				CURRENT_PROJECT_VERSION = 1;
				DEVELOPMENT_TEAM = 4SV5CWGRV6;
				GENERATE_INFOPLIST_FILE = YES;
				IPHONEOS_DEPLOYMENT_TARGET = 17.0;
				MARKETING_VERSION = 1.0;
				PRODUCT_BUNDLE_IDENTIFIER = "com.MayankAtri.Cup-Cake-CornerTests";
				PRODUCT_NAME = "$(TARGET_NAME)";
				SWIFT_EMIT_LOC_STRINGS = NO;
				SWIFT_VERSION = 5.0;
				TARGETED_DEVICE_FAMILY = "1,2";
				TEST_HOST = "$(BUILT_PRODUCTS_DIR)/Cup Cake Corner.app/$(BUNDLE_EXECUTABLE_FOLDER_PATH)/Cup Cake Corner";
			};
			name = Release;
		};
		20955BBC2BB1D71A000DC4B2 /* Debug */ = {
			isa = XCBuildConfiguration;
			buildSettings = {
				ALWAYS_EMBED_SWIFT_STANDARD_LIBRARIES = YES;
				CODE_SIGN_STYLE = Automatic;
				CURRENT_PROJECT_VERSION = 1;
				DEVELOPMENT_TEAM = 4SV5CWGRV6;
				GENERATE_INFOPLIST_FILE = YES;
				MARKETING_VERSION = 1.0;
				PRODUCT_BUNDLE_IDENTIFIER = "com.MayankAtri.Cup-Cake-CornerUITests";
				PRODUCT_NAME = "$(TARGET_NAME)";
				SWIFT_EMIT_LOC_STRINGS = NO;
				SWIFT_VERSION = 5.0;
				TARGETED_DEVICE_FAMILY = "1,2";
				TEST_TARGET_NAME = "Cup Cake Corner";
			};
			name = Debug;
		};
		20955BBD2BB1D71A000DC4B2 /* Release */ = {
			isa = XCBuildConfiguration;
			buildSettings = {
				ALWAYS_EMBED_SWIFT_STANDARD_LIBRARIES = YES;
				CODE_SIGN_STYLE = Automatic;
				CURRENT_PROJECT_VERSION = 1;
				DEVELOPMENT_TEAM = 4SV5CWGRV6;
				GENERATE_INFOPLIST_FILE = YES;
				MARKETING_VERSION = 1.0;
				PRODUCT_BUNDLE_IDENTIFIER = "com.MayankAtri.Cup-Cake-CornerUITests";
				PRODUCT_NAME = "$(TARGET_NAME)";
				SWIFT_EMIT_LOC_STRINGS = NO;
				SWIFT_VERSION = 5.0;
				TARGETED_DEVICE_FAMILY = "1,2";
				TEST_TARGET_NAME = "Cup Cake Corner";
			};
			name = Release;
		};
/* End XCBuildConfiguration section */

/* Begin XCConfigurationList section */
		20955B8C2BB1D718000DC4B2 /* Build configuration list for PBXProject "Cup Cake Corner" */ = {
			isa = XCConfigurationList;
			buildConfigurations = (
				20955BB32BB1D71A000DC4B2 /* Debug */,
				20955BB42BB1D71A000DC4B2 /* Release */,
			);
			defaultConfigurationIsVisible = 0;
			defaultConfigurationName = Release;
		};
		20955BB52BB1D71A000DC4B2 /* Build configuration list for PBXNativeTarget "Cup Cake Corner" */ = {
			isa = XCConfigurationList;
			buildConfigurations = (
				20955BB62BB1D71A000DC4B2 /* Debug */,
				20955BB72BB1D71A000DC4B2 /* Release */,
			);
			defaultConfigurationIsVisible = 0;
			defaultConfigurationName = Release;
		};
		20955BB82BB1D71A000DC4B2 /* Build configuration list for PBXNativeTarget "Cup Cake CornerTests" */ = {
			isa = XCConfigurationList;
			buildConfigurations = (
				20955BB92BB1D71A000DC4B2 /* Debug */,
				20955BBA2BB1D71A000DC4B2 /* Release */,
			);
			defaultConfigurationIsVisible = 0;
			defaultConfigurationName = Release;
		};
		20955BBB2BB1D71A000DC4B2 /* Build configuration list for PBXNativeTarget "Cup Cake CornerUITests" */ = {
			isa = XCConfigurationList;
			buildConfigurations = (
				20955BBC2BB1D71A000DC4B2 /* Debug */,
				20955BBD2BB1D71A000DC4B2 /* Release */,
			);
			defaultConfigurationIsVisible = 0;
			defaultConfigurationName = Release;
		};
/* End XCConfigurationList section */
	};
	rootObject = 20955B892BB1D718000DC4B2 /* Project object */;
}
